// !$*UTF8*$!
{
	archiveVersion = 1;
	classes = {
	};
	objectVersion = 50;
	objects = {

/* Begin PBXBuildFile section */
		CF75CAB786D098CFD8D202D6 /* Pods_VideoPlayer.framework in Frameworks */ = {isa = PBXBuildFile; fileRef = 5872B20E068678ED2CE020A8 /* Pods_VideoPlayer.framework */; };
		F83B5C9D21036256004B4495 /* ListViewController.swift in Sources */ = {isa = PBXBuildFile; fileRef = F83B5C9C21036256004B4495 /* ListViewController.swift */; };
		F83B5CA1210372BB004B4495 /* ItemTableViewCell.swift in Sources */ = {isa = PBXBuildFile; fileRef = F83B5C9F210372BB004B4495 /* ItemTableViewCell.swift */; };
		F83B5CA2210372BB004B4495 /* ItemTableViewCell.xib in Resources */ = {isa = PBXBuildFile; fileRef = F83B5CA0210372BB004B4495 /* ItemTableViewCell.xib */; };
		F86EEC60210350E000D62391 /* AppDelegate.swift in Sources */ = {isa = PBXBuildFile; fileRef = F86EEC5F210350E000D62391 /* AppDelegate.swift */; };
		F86EEC62210350E000D62391 /* ViewController.swift in Sources */ = {isa = PBXBuildFile; fileRef = F86EEC61210350E000D62391 /* ViewController.swift */; };
		F86EEC65210350E000D62391 /* Main.storyboard in Resources */ = {isa = PBXBuildFile; fileRef = F86EEC63210350E000D62391 /* Main.storyboard */; };
		F86EEC67210350E400D62391 /* Assets.xcassets in Resources */ = {isa = PBXBuildFile; fileRef = F86EEC66210350E400D62391 /* Assets.xcassets */; };
		F86EEC6A210350E400D62391 /* LaunchScreen.storyboard in Resources */ = {isa = PBXBuildFile; fileRef = F86EEC68210350E400D62391 /* LaunchScreen.storyboard */; };
		F88657302104B3AB0063EA4A /* Playlist.swift in Sources */ = {isa = PBXBuildFile; fileRef = F886572F2104B3AB0063EA4A /* Playlist.swift */; };
		F88657382104F4780063EA4A /* MGSwipeTableCell.m in Sources */ = {isa = PBXBuildFile; fileRef = F88657342104F4780063EA4A /* MGSwipeTableCell.m */; };
		F88657392104F4780063EA4A /* MGSwipeButton.m in Sources */ = {isa = PBXBuildFile; fileRef = F88657352104F4780063EA4A /* MGSwipeButton.m */; };
/* End PBXBuildFile section */

/* Begin PBXFileReference section */
		2E3C41C032F407306E57C482 /* Pods-VideoPlayer.debug.xcconfig */ = {isa = PBXFileReference; includeInIndex = 1; lastKnownFileType = text.xcconfig; name = "Pods-VideoPlayer.debug.xcconfig"; path = "Pods/Target Support Files/Pods-VideoPlayer/Pods-VideoPlayer.debug.xcconfig"; sourceTree = "<group>"; };
		4AA34332B520ADD168A802BA /* Pods-VideoPlayer.release.xcconfig */ = {isa = PBXFileReference; includeInIndex = 1; lastKnownFileType = text.xcconfig; name = "Pods-VideoPlayer.release.xcconfig"; path = "Pods/Target Support Files/Pods-VideoPlayer/Pods-VideoPlayer.release.xcconfig"; sourceTree = "<group>"; };
		5872B20E068678ED2CE020A8 /* Pods_VideoPlayer.framework */ = {isa = PBXFileReference; explicitFileType = wrapper.framework; includeInIndex = 0; path = Pods_VideoPlayer.framework; sourceTree = BUILT_PRODUCTS_DIR; };
		F83B5C9C21036256004B4495 /* ListViewController.swift */ = {isa = PBXFileReference; lastKnownFileType = sourcecode.swift; path = ListViewController.swift; sourceTree = "<group>"; };
		F83B5C9F210372BB004B4495 /* ItemTableViewCell.swift */ = {isa = PBXFileReference; lastKnownFileType = sourcecode.swift; path = ItemTableViewCell.swift; sourceTree = "<group>"; };
		F83B5CA0210372BB004B4495 /* ItemTableViewCell.xib */ = {isa = PBXFileReference; lastKnownFileType = file.xib; path = ItemTableViewCell.xib; sourceTree = "<group>"; };
		F86EEC5C210350E000D62391 /* VideoPlayer.app */ = {isa = PBXFileReference; explicitFileType = wrapper.application; includeInIndex = 0; path = VideoPlayer.app; sourceTree = BUILT_PRODUCTS_DIR; };
		F86EEC5F210350E000D62391 /* AppDelegate.swift */ = {isa = PBXFileReference; lastKnownFileType = sourcecode.swift; path = AppDelegate.swift; sourceTree = "<group>"; };
		F86EEC61210350E000D62391 /* ViewController.swift */ = {isa = PBXFileReference; lastKnownFileType = sourcecode.swift; path = ViewController.swift; sourceTree = "<group>"; };
		F86EEC64210350E000D62391 /* Base */ = {isa = PBXFileReference; lastKnownFileType = file.storyboard; name = Base; path = Base.lproj/Main.storyboard; sourceTree = "<group>"; };
		F86EEC66210350E400D62391 /* Assets.xcassets */ = {isa = PBXFileReference; lastKnownFileType = folder.assetcatalog; path = Assets.xcassets; sourceTree = "<group>"; };
		F86EEC69210350E400D62391 /* Base */ = {isa = PBXFileReference; lastKnownFileType = file.storyboard; name = Base; path = Base.lproj/LaunchScreen.storyboard; sourceTree = "<group>"; };
		F86EEC6B210350E400D62391 /* Info.plist */ = {isa = PBXFileReference; lastKnownFileType = text.plist.xml; path = Info.plist; sourceTree = "<group>"; };
		F886572F2104B3AB0063EA4A /* Playlist.swift */ = {isa = PBXFileReference; lastKnownFileType = sourcecode.swift; path = Playlist.swift; sourceTree = "<group>"; };
		F88657332104F4770063EA4A /* VideoPlayer-Bridging-Header.h */ = {isa = PBXFileReference; lastKnownFileType = sourcecode.c.h; path = "VideoPlayer-Bridging-Header.h"; sourceTree = "<group>"; };
		F88657342104F4780063EA4A /* MGSwipeTableCell.m */ = {isa = PBXFileReference; fileEncoding = 4; lastKnownFileType = sourcecode.c.objc; path = MGSwipeTableCell.m; sourceTree = "<group>"; };
		F88657352104F4780063EA4A /* MGSwipeButton.m */ = {isa = PBXFileReference; fileEncoding = 4; lastKnownFileType = sourcecode.c.objc; path = MGSwipeButton.m; sourceTree = "<group>"; };
		F88657362104F4780063EA4A /* MGSwipeButton.h */ = {isa = PBXFileReference; fileEncoding = 4; lastKnownFileType = sourcecode.c.h; path = MGSwipeButton.h; sourceTree = "<group>"; };
		F88657372104F4780063EA4A /* MGSwipeTableCell.h */ = {isa = PBXFileReference; fileEncoding = 4; lastKnownFileType = sourcecode.c.h; path = MGSwipeTableCell.h; sourceTree = "<group>"; };
/* End PBXFileReference section */

/* Begin PBXFrameworksBuildPhase section */
		F86EEC59210350E000D62391 /* Frameworks */ = {
			isa = PBXFrameworksBuildPhase;
			buildActionMask = 2147483647;
			files = (
				CF75CAB786D098CFD8D202D6 /* Pods_VideoPlayer.framework in Frameworks */,
			);
			runOnlyForDeploymentPostprocessing = 0;
		};
/* End PBXFrameworksBuildPhase section */

/* Begin PBXGroup section */
		0B9622AD336A05C9C0202171 /* Pods */ = {
			isa = PBXGroup;
			children = (
				2E3C41C032F407306E57C482 /* Pods-VideoPlayer.debug.xcconfig */,
				4AA34332B520ADD168A802BA /* Pods-VideoPlayer.release.xcconfig */,
			);
			name = Pods;
			sourceTree = "<group>";
		};
		AD6A3B8B303D83756ADF3CB1 /* Frameworks */ = {
			isa = PBXGroup;
			children = (
				5872B20E068678ED2CE020A8 /* Pods_VideoPlayer.framework */,
			);
			name = Frameworks;
			sourceTree = "<group>";
		};
		F86EEC53210350E000D62391 = {
			isa = PBXGroup;
			children = (
				F86EEC5E210350E000D62391 /* VideoPlayer */,
				F86EEC5D210350E000D62391 /* Products */,
				0B9622AD336A05C9C0202171 /* Pods */,
				AD6A3B8B303D83756ADF3CB1 /* Frameworks */,
			);
			sourceTree = "<group>";
		};
		F86EEC5D210350E000D62391 /* Products */ = {
			isa = PBXGroup;
			children = (
				F86EEC5C210350E000D62391 /* VideoPlayer.app */,
			);
			name = Products;
			sourceTree = "<group>";
		};
		F86EEC5E210350E000D62391 /* VideoPlayer */ = {
			isa = PBXGroup;
			children = (
				F88657312104F4520063EA4A /* Libs */,
				F886572E2104B37F0063EA4A /* Model */,
				F86EEC66210350E400D62391 /* Assets.xcassets */,
				F86EEC6B210350E400D62391 /* Info.plist */,
				F86EEC5F210350E000D62391 /* AppDelegate.swift */,
				F86EEC68210350E400D62391 /* LaunchScreen.storyboard */,
				F86EEC63210350E000D62391 /* Main.storyboard */,
				F86EEC61210350E000D62391 /* ViewController.swift */,
				F83B5C9C21036256004B4495 /* ListViewController.swift */,
				F83B5C9F210372BB004B4495 /* ItemTableViewCell.swift */,
				F83B5CA0210372BB004B4495 /* ItemTableViewCell.xib */,
			);
			path = VideoPlayer;
			sourceTree = "<group>";
		};
		F886572E2104B37F0063EA4A /* Model */ = {
			isa = PBXGroup;
			children = (
				F886572F2104B3AB0063EA4A /* Playlist.swift */,
			);
			path = Model;
			sourceTree = "<group>";
		};
		F88657312104F4520063EA4A /* Libs */ = {
			isa = PBXGroup;
			children = (
				F88657322104F45F0063EA4A /* MGSwipeTableCell */,
			);
			path = Libs;
			sourceTree = "<group>";
		};
		F88657322104F45F0063EA4A /* MGSwipeTableCell */ = {
			isa = PBXGroup;
			children = (
				F88657362104F4780063EA4A /* MGSwipeButton.h */,
				F88657352104F4780063EA4A /* MGSwipeButton.m */,
				F88657372104F4780063EA4A /* MGSwipeTableCell.h */,
				F88657342104F4780063EA4A /* MGSwipeTableCell.m */,
				F88657332104F4770063EA4A /* VideoPlayer-Bridging-Header.h */,
			);
			path = MGSwipeTableCell;
			sourceTree = "<group>";
		};
/* End PBXGroup section */

/* Begin PBXNativeTarget section */
		F86EEC5B210350E000D62391 /* VideoPlayer */ = {
			isa = PBXNativeTarget;
			buildConfigurationList = F86EEC6E210350E400D62391 /* Build configuration list for PBXNativeTarget "VideoPlayer" */;
			buildPhases = (
				538EA2269F58E72D0D971BF7 /* [CP] Check Pods Manifest.lock */,
				F86EEC58210350E000D62391 /* Sources */,
				F86EEC59210350E000D62391 /* Frameworks */,
				F86EEC5A210350E000D62391 /* Resources */,
				31B446AD2FCBC895DD890312 /* [CP] Embed Pods Frameworks */,
			);
			buildRules = (
			);
			dependencies = (
			);
			name = VideoPlayer;
			productName = VideoPlayer;
			productReference = F86EEC5C210350E000D62391 /* VideoPlayer.app */;
			productType = "com.apple.product-type.application";
		};
/* End PBXNativeTarget section */

/* Begin PBXProject section */
		F86EEC54210350E000D62391 /* Project object */ = {
			isa = PBXProject;
			attributes = {
				LastSwiftUpdateCheck = 0940;
				LastUpgradeCheck = 0940;
				ORGANIZATIONNAME = "Thieu Mao";
				TargetAttributes = {
					F86EEC5B210350E000D62391 = {
						CreatedOnToolsVersion = 9.4.1;
						LastSwiftMigration = 0940;
					};
				};
			};
			buildConfigurationList = F86EEC57210350E000D62391 /* Build configuration list for PBXProject "VideoPlayer" */;
			compatibilityVersion = "Xcode 9.3";
			developmentRegion = en;
			hasScannedForEncodings = 0;
			knownRegions = (
				en,
				Base,
			);
			mainGroup = F86EEC53210350E000D62391;
			productRefGroup = F86EEC5D210350E000D62391 /* Products */;
			projectDirPath = "";
			projectRoot = "";
			targets = (
				F86EEC5B210350E000D62391 /* VideoPlayer */,
			);
		};
/* End PBXProject section */

/* Begin PBXResourcesBuildPhase section */
		F86EEC5A210350E000D62391 /* Resources */ = {
			isa = PBXResourcesBuildPhase;
			buildActionMask = 2147483647;
			files = (
				F83B5CA2210372BB004B4495 /* ItemTableViewCell.xib in Resources */,
				F86EEC6A210350E400D62391 /* LaunchScreen.storyboard in Resources */,
				F86EEC67210350E400D62391 /* Assets.xcassets in Resources */,
				F86EEC65210350E000D62391 /* Main.storyboard in Resources */,
			);
			runOnlyForDeploymentPostprocessing = 0;
		};
/* End PBXResourcesBuildPhase section */

/* Begin PBXShellScriptBuildPhase section */
		31B446AD2FCBC895DD890312 /* [CP] Embed Pods Frameworks */ = {
			isa = PBXShellScriptBuildPhase;
			buildActionMask = 2147483647;
			files = (
			);
			inputPaths = (
				"${SRCROOT}/Pods/Target Support Files/Pods-VideoPlayer/Pods-VideoPlayer-frameworks.sh",
				"${BUILT_PRODUCTS_DIR}/Alamofire/Alamofire.framework",
				"${BUILT_PRODUCTS_DIR}/SwiftyJSON/SwiftyJSON.framework",
				"${BUILT_PRODUCTS_DIR}/YouTubePlayer/YouTubePlayer.framework",
			);
			name = "[CP] Embed Pods Frameworks";
			outputPaths = (
				"${TARGET_BUILD_DIR}/${FRAMEWORKS_FOLDER_PATH}/Alamofire.framework",
				"${TARGET_BUILD_DIR}/${FRAMEWORKS_FOLDER_PATH}/SwiftyJSON.framework",
				"${TARGET_BUILD_DIR}/${FRAMEWORKS_FOLDER_PATH}/YouTubePlayer.framework",
			);
			runOnlyForDeploymentPostprocessing = 0;
			shellPath = /bin/sh;
			shellScript = "\"${SRCROOT}/Pods/Target Support Files/Pods-VideoPlayer/Pods-VideoPlayer-frameworks.sh\"\n";
			showEnvVarsInLog = 0;
		};
		538EA2269F58E72D0D971BF7 /* [CP] Check Pods Manifest.lock */ = {
			isa = PBXShellScriptBuildPhase;
			buildActionMask = 2147483647;
			files = (
			);
			inputPaths = (
				"${PODS_PODFILE_DIR_PATH}/Podfile.lock",
				"${PODS_ROOT}/Manifest.lock",
			);
			name = "[CP] Check Pods Manifest.lock";
			outputPaths = (
				"$(DERIVED_FILE_DIR)/Pods-VideoPlayer-checkManifestLockResult.txt",
			);
			runOnlyForDeploymentPostprocessing = 0;
			shellPath = /bin/sh;
			shellScript = "diff \"${PODS_PODFILE_DIR_PATH}/Podfile.lock\" \"${PODS_ROOT}/Manifest.lock\" > /dev/null\nif [ $? != 0 ] ; then\n    # print error to STDERR\n    echo \"error: The sandbox is not in sync with the Podfile.lock. Run 'pod install' or update your CocoaPods installation.\" >&2\n    exit 1\nfi\n# This output is used by Xcode 'outputs' to avoid re-running this script phase.\necho \"SUCCESS\" > \"${SCRIPT_OUTPUT_FILE_0}\"\n";
			showEnvVarsInLog = 0;
		};
/* End PBXShellScriptBuildPhase section */

/* Begin PBXSourcesBuildPhase section */
		F86EEC58210350E000D62391 /* Sources */ = {
			isa = PBXSourcesBuildPhase;
			buildActionMask = 2147483647;
			files = (
				F83B5CA1210372BB004B4495 /* ItemTableViewCell.swift in Sources */,
				F88657382104F4780063EA4A /* MGSwipeTableCell.m in Sources */,
				F86EEC62210350E000D62391 /* ViewController.swift in Sources */,
				F86EEC60210350E000D62391 /* AppDelegate.swift in Sources */,
				F83B5C9D21036256004B4495 /* ListViewController.swift in Sources */,
				F88657302104B3AB0063EA4A /* Playlist.swift in Sources */,
				F88657392104F4780063EA4A /* MGSwipeButton.m in Sources */,
			);
			runOnlyForDeploymentPostprocessing = 0;
		};
/* End PBXSourcesBuildPhase section */

/* Begin PBXVariantGroup section */
		F86EEC63210350E000D62391 /* Main.storyboard */ = {
			isa = PBXVariantGroup;
			children = (
				F86EEC64210350E000D62391 /* Base */,
			);
			name = Main.storyboard;
			sourceTree = "<group>";
		};
		F86EEC68210350E400D62391 /* LaunchScreen.storyboard */ = {
			isa = PBXVariantGroup;
			children = (
				F86EEC69210350E400D62391 /* Base */,
			);
			name = LaunchScreen.storyboard;
			sourceTree = "<group>";
		};
/* End PBXVariantGroup section */

/* Begin XCBuildConfiguration section */
		F86EEC6C210350E400D62391 /* Debug */ = {
			isa = XCBuildConfiguration;
			buildSettings = {
				ALWAYS_SEARCH_USER_PATHS = NO;
				CLANG_ANALYZER_NONNULL = YES;
				CLANG_ANALYZER_NUMBER_OBJECT_CONVERSION = YES_AGGRESSIVE;
				CLANG_CXX_LANGUAGE_STANDARD = "gnu++14";
				CLANG_CXX_LIBRARY = "libc++";
				CLANG_ENABLE_MODULES = YES;
				CLANG_ENABLE_OBJC_ARC = YES;
				CLANG_ENABLE_OBJC_WEAK = YES;
				CLANG_WARN_BLOCK_CAPTURE_AUTORELEASING = YES;
				CLANG_WARN_BOOL_CONVERSION = YES;
				CLANG_WARN_COMMA = YES;
				CLANG_WARN_CONSTANT_CONVERSION = YES;
				CLANG_WARN_DEPRECATED_OBJC_IMPLEMENTATIONS = YES;
				CLANG_WARN_DIRECT_OBJC_ISA_USAGE = YES_ERROR;
				CLANG_WARN_DOCUMENTATION_COMMENTS = YES;
				CLANG_WARN_EMPTY_BODY = YES;
				CLANG_WARN_ENUM_CONVERSION = YES;
				CLANG_WARN_INFINITE_RECURSION = YES;
				CLANG_WARN_INT_CONVERSION = YES;
				CLANG_WARN_NON_LITERAL_NULL_CONVERSION = YES;
				CLANG_WARN_OBJC_IMPLICIT_RETAIN_SELF = YES;
				CLANG_WARN_OBJC_LITERAL_CONVERSION = YES;
				CLANG_WARN_OBJC_ROOT_CLASS = YES_ERROR;
				CLANG_WARN_RANGE_LOOP_ANALYSIS = YES;
				CLANG_WARN_STRICT_PROTOTYPES = YES;
				CLANG_WARN_SUSPICIOUS_MOVE = YES;
				CLANG_WARN_UNGUARDED_AVAILABILITY = YES_AGGRESSIVE;
				CLANG_WARN_UNREACHABLE_CODE = YES;
				CLANG_WARN__DUPLICATE_METHOD_MATCH = YES;
				CODE_SIGN_IDENTITY = "iPhone Developer";
				COPY_PHASE_STRIP = NO;
				DEBUG_INFORMATION_FORMAT = dwarf;
				ENABLE_STRICT_OBJC_MSGSEND = YES;
				ENABLE_TESTABILITY = YES;
				GCC_C_LANGUAGE_STANDARD = gnu11;
				GCC_DYNAMIC_NO_PIC = NO;
				GCC_NO_COMMON_BLOCKS = YES;
				GCC_OPTIMIZATION_LEVEL = 0;
				GCC_PREPROCESSOR_DEFINITIONS = (
					"DEBUG=1",
					"$(inherited)",
				);
				GCC_WARN_64_TO_32_BIT_CONVERSION = YES;
				GCC_WARN_ABOUT_RETURN_TYPE = YES_ERROR;
				GCC_WARN_UNDECLARED_SELECTOR = YES;
				GCC_WARN_UNINITIALIZED_AUTOS = YES_AGGRESSIVE;
				GCC_WARN_UNUSED_FUNCTION = YES;
				GCC_WARN_UNUSED_VARIABLE = YES;
				IPHONEOS_DEPLOYMENT_TARGET = 11.4;
				MTL_ENABLE_DEBUG_INFO = YES;
				ONLY_ACTIVE_ARCH = YES;
				SDKROOT = iphoneos;
				SWIFT_ACTIVE_COMPILATION_CONDITIONS = DEBUG;
				SWIFT_OPTIMIZATION_LEVEL = "-Onone";
			};
			name = Debug;
		};
		F86EEC6D210350E400D62391 /* Release */ = {
			isa = XCBuildConfiguration;
			buildSettings = {
				ALWAYS_SEARCH_USER_PATHS = NO;
				CLANG_ANALYZER_NONNULL = YES;
				CLANG_ANALYZER_NUMBER_OBJECT_CONVERSION = YES_AGGRESSIVE;
				CLANG_CXX_LANGUAGE_STANDARD = "gnu++14";
				CLANG_CXX_LIBRARY = "libc++";
				CLANG_ENABLE_MODULES = YES;
				CLANG_ENABLE_OBJC_ARC = YES;
				CLANG_ENABLE_OBJC_WEAK = YES;
				CLANG_WARN_BLOCK_CAPTURE_AUTORELEASING = YES;
				CLANG_WARN_BOOL_CONVERSION = YES;
				CLANG_WARN_COMMA = YES;
				CLANG_WARN_CONSTANT_CONVERSION = YES;
				CLANG_WARN_DEPRECATED_OBJC_IMPLEMENTATIONS = YES;
				CLANG_WARN_DIRECT_OBJC_ISA_USAGE = YES_ERROR;
				CLANG_WARN_DOCUMENTATION_COMMENTS = YES;
				CLANG_WARN_EMPTY_BODY = YES;
				CLANG_WARN_ENUM_CONVERSION = YES;
				CLANG_WARN_INFINITE_RECURSION = YES;
				CLANG_WARN_INT_CONVERSION = YES;
				CLANG_WARN_NON_LITERAL_NULL_CONVERSION = YES;
				CLANG_WARN_OBJC_IMPLICIT_RETAIN_SELF = YES;
				CLANG_WARN_OBJC_LITERAL_CONVERSION = YES;
				CLANG_WARN_OBJC_ROOT_CLASS = YES_ERROR;
				CLANG_WARN_RANGE_LOOP_ANALYSIS = YES;
				CLANG_WARN_STRICT_PROTOTYPES = YES;
				CLANG_WARN_SUSPICIOUS_MOVE = YES;
				CLANG_WARN_UNGUARDED_AVAILABILITY = YES_AGGRESSIVE;
				CLANG_WARN_UNREACHABLE_CODE = YES;
				CLANG_WARN__DUPLICATE_METHOD_MATCH = YES;
				CODE_SIGN_IDENTITY = "iPhone Developer";
				COPY_PHASE_STRIP = NO;
				DEBUG_INFORMATION_FORMAT = "dwarf-with-dsym";
				ENABLE_NS_ASSERTIONS = NO;
				ENABLE_STRICT_OBJC_MSGSEND = YES;
				GCC_C_LANGUAGE_STANDARD = gnu11;
				GCC_NO_COMMON_BLOCKS = YES;
				GCC_WARN_64_TO_32_BIT_CONVERSION = YES;
				GCC_WARN_ABOUT_RETURN_TYPE = YES_ERROR;
				GCC_WARN_UNDECLARED_SELECTOR = YES;
				GCC_WARN_UNINITIALIZED_AUTOS = YES_AGGRESSIVE;
				GCC_WARN_UNUSED_FUNCTION = YES;
				GCC_WARN_UNUSED_VARIABLE = YES;
				IPHONEOS_DEPLOYMENT_TARGET = 11.4;
				MTL_ENABLE_DEBUG_INFO = NO;
				SDKROOT = iphoneos;
				SWIFT_COMPILATION_MODE = wholemodule;
				SWIFT_OPTIMIZATION_LEVEL = "-O";
				VALIDATE_PRODUCT = YES;
			};
			name = Release;
		};
		F86EEC6F210350E400D62391 /* Debug */ = {
			isa = XCBuildConfiguration;
			baseConfigurationReference = 2E3C41C032F407306E57C482 /* Pods-VideoPlayer.debug.xcconfig */;
			buildSettings = {
				ASSETCATALOG_COMPILER_APPICON_NAME = AppIcon;
				CLANG_ENABLE_MODULES = YES;
				CODE_SIGN_STYLE = Automatic;
				DEVELOPMENT_TEAM = Z4ZNZ62PTW;
				INFOPLIST_FILE = VideoPlayer/Info.plist;
				IPHONEOS_DEPLOYMENT_TARGET = 9.0;
				LD_RUNPATH_SEARCH_PATHS = (
					"$(inherited)",
					"@executable_path/Frameworks",
				);
				PRODUCT_BUNDLE_IDENTIFIER = com.thieumao.VideoPlayer;
				PRODUCT_NAME = "$(TARGET_NAME)";
				SWIFT_OBJC_BRIDGING_HEADER = "VideoPlayer/Libs/MGSwipeTableCell/VideoPlayer-Bridging-Header.h";
				SWIFT_OPTIMIZATION_LEVEL = "-Onone";
				SWIFT_VERSION = 4.0;
				TARGETED_DEVICE_FAMILY = "1,2";
			};
			name = Debug;
		};
		F86EEC70210350E400D62391 /* Release */ = {
			isa = XCBuildConfiguration;
			baseConfigurationReference = 4AA34332B520ADD168A802BA /* Pods-VideoPlayer.release.xcconfig */;
			buildSettings = {
				ASSETCATALOG_COMPILER_APPICON_NAME = AppIcon;
				CLANG_ENABLE_MODULES = YES;
				CODE_SIGN_STYLE = Automatic;
				DEVELOPMENT_TEAM = Z4ZNZ62PTW;
				INFOPLIST_FILE = VideoPlayer/Info.plist;
				IPHONEOS_DEPLOYMENT_TARGET = 9.0;
				LD_RUNPATH_SEARCH_PATHS = (
					"$(inherited)",
					"@executable_path/Frameworks",
				);
				PRODUCT_BUNDLE_IDENTIFIER = com.thieumao.VideoPlayer;
				PRODUCT_NAME = "$(TARGET_NAME)";
				SWIFT_OBJC_BRIDGING_HEADER = "VideoPlayer/Libs/MGSwipeTableCell/VideoPlayer-Bridging-Header.h";
				SWIFT_VERSION = 4.0;
				TARGETED_DEVICE_FAMILY = "1,2";
			};
			name = Release;
		};
/* End XCBuildConfiguration section */

/* Begin XCConfigurationList section */
		F86EEC57210350E000D62391 /* Build configuration list for PBXProject "VideoPlayer" */ = {
			isa = XCConfigurationList;
			buildConfigurations = (
				F86EEC6C210350E400D62391 /* Debug */,
				F86EEC6D210350E400D62391 /* Release */,
			);
			defaultConfigurationIsVisible = 0;
			defaultConfigurationName = Release;
		};
		F86EEC6E210350E400D62391 /* Build configuration list for PBXNativeTarget "VideoPlayer" */ = {
			isa = XCConfigurationList;
			buildConfigurations = (
				F86EEC6F210350E400D62391 /* Debug */,
				F86EEC70210350E400D62391 /* Release */,
			);
			defaultConfigurationIsVisible = 0;
			defaultConfigurationName = Release;
		};
/* End XCConfigurationList section */
	};
	rootObject = F86EEC54210350E000D62391 /* Project object */;
}
